
Microsoft Visual Studio Solution File, Format Version 12.00
# Visual Studio Version 16
VisualStudioVersion = 16.0.31205.134
MinimumVisualStudioVersion = 10.0.40219.1
Project("{FAE04EC0-301F-11D3-BF4B-00C04F79EFBC}") = "Saml2WebApp", "Saml2WebApp.csproj", "{0BC3464A-F8EE-405E-A9AB-8305D52D7D95}"
EndProject
Global
	GlobalSection(SolutionConfigurationPlatforms) = preSolution
		Debug|Any CPU = Debug|Any CPU
		Release|Any CPU = Release|Any CPU
	EndGlobalSection
	GlobalSection(ProjectConfigurationPlatforms) = postSolution
		{0BC3464A-F8EE-405E-A9AB-8305D52D7D95}.Debug|Any CPU.ActiveCfg = Debug|Any CPU
		{0BC3464A-F8EE-405E-A9AB-8305D52D7D95}.Debug|Any CPU.Build.0 = Debug|Any CPU
		{0BC3464A-F8EE-405E-A9AB-8305D52D7D95}.Release|Any CPU.ActiveCfg = Release|Any CPU
		{0BC3464A-F8EE-405E-A9AB-8305D52D7D95}.Release|Any CPU.Build.0 = Release|Any CPU
	EndGlobalSection
	GlobalSection(SolutionProperties) = preSolution
		HideSolutionNode = FALSE
	EndGlobalSection
	GlobalSection(ExtensibilityGlobals) = postSolution
		SolutionGuid = {6327052A-8913-4130-BB51-942CA66106D2}
	EndGlobalSection
EndGlobal
